CACTUS_ORCHESTRATOR_VERSION=v1.10.3
CACTUS_UI_VERSION=v1.6.1
CACTUS_CLIENT_NOTIFICATIONS_VERSION=v0.1.0
V12_CACTUS_RUNNER_VERSION=v1.9.3
V12_ENVOY_VERSION=v1.4.0
V13_STORAGE_BETA_CACTUS_RUNNER_VERSION=v1.8.0-storage.0.10.0
V13_STORAGE_BETA_ENVOY_VERSION=v1.3.6-storage.0.9.0
V13_CACTUS_RUNNER_VERSION=v2.1.2
V13_ENVOY_VERSION=v2.1.0
